
Microsoft Visual Studio Solution File, Format Version 12.00
# Visual Studio Version 17
VisualStudioVersion = 17.2.32526.322
MinimumVisualStudioVersion = 10.0.40219.1
Project("{FAE04EC0-301F-11D3-BF4B-00C04F79EFBC}") = "GYM", "GYM\GYM.csproj", "{0D1F0A8D-E215-4131-B58D-1FC4CEE37703}"
EndProject
Global
	GlobalSection(SolutionConfigurationPlatforms) = preSolution
		Debug|Any CPU = Debug|Any CPU
		Release|Any CPU = Release|Any CPU
	EndGlobalSection
	GlobalSection(ProjectConfigurationPlatforms) = postSolution
		{0D1F0A8D-E215-4131-B58D-1FC4CEE37703}.Debug|Any CPU.ActiveCfg = Debug|Any CPU
		{0D1F0A8D-E215-4131-B58D-1FC4CEE37703}.Debug|Any CPU.Build.0 = Debug|Any CPU
		{0D1F0A8D-E215-4131-B58D-1FC4CEE37703}.Release|Any CPU.ActiveCfg = Release|Any CPU
		{0D1F0A8D-E215-4131-B58D-1FC4CEE37703}.Release|Any CPU.Build.0 = Release|Any CPU
	EndGlobalSection
	GlobalSection(SolutionProperties) = preSolution
		HideSolutionNode = FALSE
	EndGlobalSection
	GlobalSection(ExtensibilityGlobals) = postSolution
		SolutionGuid = {99762A24-DB5F-4C1E-BB97-2E8CB814C653}
	EndGlobalSection
EndGlobal
